
Microsoft Visual Studio Solution File, Format Version 12.00
# Visual Studio Version 17
VisualStudioVersion = 17.0.31903.59
MinimumVisualStudioVersion = 10.0.40219.1
Project("{2150E333-8FDC-42A3-9474-1A3956D46DE8}") = "LisergyServer", "LisergyServer", "{7CB55D45-B7D8-4507-8EEA-EAACEBD44BF4}"
EndProject
Project("{FAE04EC0-301F-11D3-BF4B-00C04F79EFBC}") = "BaseServer", "LisergyServer\Core\BaseServer.csproj", "{561EE67C-826A-47BC-94AF-FD97DFA7E3FA}"
EndProject
Project("{FAE04EC0-301F-11D3-BF4B-00C04F79EFBC}") = "Game", "LisergyServer\Game\Game.csproj", "{C763104E-A5BC-48DB-834A-0D94F1414021}"
EndProject
Project("{FAE04EC0-301F-11D3-BF4B-00C04F79EFBC}") = "GameData", "LisergyServer\GameData\GameData.csproj", "{5DE7BF6A-3F1C-4BC4-A3F5-0FD69F178088}"
EndProject
Project("{FAE04EC0-301F-11D3-BF4B-00C04F79EFBC}") = "GameDataTest", "LisergyServer\GameDataTest\GameDataTest.csproj", "{6761C0F4-48A2-4839-8281-9D0BA2535F11}"
EndProject
Project("{FAE04EC0-301F-11D3-BF4B-00C04F79EFBC}") = "LisergyPanel", "LisergyServer\LisergyPanel\LisergyPanel.csproj", "{3F96A9F4-E5A2-40E8-B1F0-2718FB9F7CC7}"
EndProject
Project("{FAE04EC0-301F-11D3-BF4B-00C04F79EFBC}") = "MapServer", "LisergyServer\MapServer\MapServer.csproj", "{811E4A20-6A20-416A-82B2-EECDF3959D74}"
EndProject
Project("{FAE04EC0-301F-11D3-BF4B-00C04F79EFBC}") = "Serializer", "LisergyServer\Serializer\Serializer.csproj", "{E84B9F89-17A4-4B1C-90DE-719976504595}"
EndProject
Project("{FAE04EC0-301F-11D3-BF4B-00C04F79EFBC}") = "ServerTests", "LisergyServer\ServerTests\ServerTests.csproj", "{844B1EFE-E89F-4ED1-8629-6A0770B2572F}"
EndProject
Project("{2150E333-8FDC-42A3-9474-1A3956D46DE8}") = "LisergyClient", "LisergyClient", "{3467BC2D-1133-47A5-8F7C-0EC4424BBD3E}"
EndProject
Project("{FAE04EC0-301F-11D3-BF4B-00C04F79EFBC}") = "Assembly-CSharp", "LisergyClient\LisergyClient\Assembly-CSharp.csproj", "{1AF373A9-BDF2-13BA-A54C-0B0945C858F1}"
EndProject
Project("{FAE04EC0-301F-11D3-BF4B-00C04F79EFBC}") = "GameAssembly", "LisergyClient\LisergyClient\GameAssembly.csproj", "{47497971-B977-105A-63FE-6F4231420764}"
EndProject
Project("{FAE04EC0-301F-11D3-BF4B-00C04F79EFBC}") = "Plugins", "LisergyClient\LisergyClient\Plugins.csproj", "{753ED471-E74C-578A-0447-3F56B6916435}"
EndProject
Project("{FAE04EC0-301F-11D3-BF4B-00C04F79EFBC}") = "ToonyColorsPro.Demo.Editor", "LisergyClient\LisergyClient\ToonyColorsPro.Demo.Editor.csproj", "{9D04F17B-BF2E-7BD7-9146-1CB50DD699C3}"
EndProject
Project("{FAE04EC0-301F-11D3-BF4B-00C04F79EFBC}") = "ToonyColorsPro.Editor", "LisergyClient\LisergyClient\ToonyColorsPro.Editor.csproj", "{81271ED8-3DB1-2CE6-6263-0CE345AF51E6}"
EndProject
Project("{FAE04EC0-301F-11D3-BF4B-00C04F79EFBC}") = "ToonyColorsPro.Runtime", "LisergyClient\LisergyClient\ToonyColorsPro.Runtime.csproj", "{C62D101A-CB3E-E56F-8F51-D142898CE1A7}"
EndProject
Project("{FAE04EC0-301F-11D3-BF4B-00C04F79EFBC}") = "ToonyColorsPro2.Demo", "LisergyClient\LisergyClient\ToonyColorsPro2.Demo.csproj", "{674F16B7-FC93-161B-ED56-275F3F404AF9}"
EndProject
Project("{FAE04EC0-301F-11D3-BF4B-00C04F79EFBC}") = "UnitTests", "LisergyClient\LisergyClient\UnitTests.csproj", "{F194CEEF-B25C-F495-A8EA-F4E8E67D0492}"
EndProject
Global
	GlobalSection(SolutionConfigurationPlatforms) = preSolution
		Debug|Any CPU = Debug|Any CPU
		Release|Any CPU = Release|Any CPU
	EndGlobalSection
	GlobalSection(SolutionProperties) = preSolution
		HideSolutionNode = FALSE
	EndGlobalSection
	GlobalSection(ProjectConfigurationPlatforms) = postSolution
		{561EE67C-826A-47BC-94AF-FD97DFA7E3FA}.Debug|Any CPU.ActiveCfg = Debug|Any CPU
		{561EE67C-826A-47BC-94AF-FD97DFA7E3FA}.Debug|Any CPU.Build.0 = Debug|Any CPU
		{561EE67C-826A-47BC-94AF-FD97DFA7E3FA}.Release|Any CPU.ActiveCfg = Release|Any CPU
		{561EE67C-826A-47BC-94AF-FD97DFA7E3FA}.Release|Any CPU.Build.0 = Release|Any CPU
		{C763104E-A5BC-48DB-834A-0D94F1414021}.Debug|Any CPU.ActiveCfg = Debug|Any CPU
		{C763104E-A5BC-48DB-834A-0D94F1414021}.Debug|Any CPU.Build.0 = Debug|Any CPU
		{C763104E-A5BC-48DB-834A-0D94F1414021}.Release|Any CPU.ActiveCfg = Release|Any CPU
		{C763104E-A5BC-48DB-834A-0D94F1414021}.Release|Any CPU.Build.0 = Release|Any CPU
		{5DE7BF6A-3F1C-4BC4-A3F5-0FD69F178088}.Debug|Any CPU.ActiveCfg = Debug|Any CPU
		{5DE7BF6A-3F1C-4BC4-A3F5-0FD69F178088}.Debug|Any CPU.Build.0 = Debug|Any CPU
		{5DE7BF6A-3F1C-4BC4-A3F5-0FD69F178088}.Release|Any CPU.ActiveCfg = Release|Any CPU
		{5DE7BF6A-3F1C-4BC4-A3F5-0FD69F178088}.Release|Any CPU.Build.0 = Release|Any CPU
		{6761C0F4-48A2-4839-8281-9D0BA2535F11}.Debug|Any CPU.ActiveCfg = Debug|Any CPU
		{6761C0F4-48A2-4839-8281-9D0BA2535F11}.Debug|Any CPU.Build.0 = Debug|Any CPU
		{6761C0F4-48A2-4839-8281-9D0BA2535F11}.Release|Any CPU.ActiveCfg = Release|Any CPU
		{6761C0F4-48A2-4839-8281-9D0BA2535F11}.Release|Any CPU.Build.0 = Release|Any CPU
		{3F96A9F4-E5A2-40E8-B1F0-2718FB9F7CC7}.Debug|Any CPU.ActiveCfg = Debug|Any CPU
		{3F96A9F4-E5A2-40E8-B1F0-2718FB9F7CC7}.Debug|Any CPU.Build.0 = Debug|Any CPU
		{3F96A9F4-E5A2-40E8-B1F0-2718FB9F7CC7}.Release|Any CPU.ActiveCfg = Release|Any CPU
		{3F96A9F4-E5A2-40E8-B1F0-2718FB9F7CC7}.Release|Any CPU.Build.0 = Release|Any CPU
		{811E4A20-6A20-416A-82B2-EECDF3959D74}.Debug|Any CPU.ActiveCfg = Debug|Any CPU
		{811E4A20-6A20-416A-82B2-EECDF3959D74}.Debug|Any CPU.Build.0 = Debug|Any CPU
		{811E4A20-6A20-416A-82B2-EECDF3959D74}.Release|Any CPU.ActiveCfg = Release|Any CPU
		{811E4A20-6A20-416A-82B2-EECDF3959D74}.Release|Any CPU.Build.0 = Release|Any CPU
		{E84B9F89-17A4-4B1C-90DE-719976504595}.Debug|Any CPU.ActiveCfg = Debug|Any CPU
		{E84B9F89-17A4-4B1C-90DE-719976504595}.Debug|Any CPU.Build.0 = Debug|Any CPU
		{E84B9F89-17A4-4B1C-90DE-719976504595}.Release|Any CPU.ActiveCfg = Release|Any CPU
		{E84B9F89-17A4-4B1C-90DE-719976504595}.Release|Any CPU.Build.0 = Release|Any CPU
		{844B1EFE-E89F-4ED1-8629-6A0770B2572F}.Debug|Any CPU.ActiveCfg = Debug|Any CPU
		{844B1EFE-E89F-4ED1-8629-6A0770B2572F}.Debug|Any CPU.Build.0 = Debug|Any CPU
		{844B1EFE-E89F-4ED1-8629-6A0770B2572F}.Release|Any CPU.ActiveCfg = Release|Any CPU
		{844B1EFE-E89F-4ED1-8629-6A0770B2572F}.Release|Any CPU.Build.0 = Release|Any CPU
		{1AF373A9-BDF2-13BA-A54C-0B0945C858F1}.Debug|Any CPU.ActiveCfg = Debug|Any CPU
		{1AF373A9-BDF2-13BA-A54C-0B0945C858F1}.Debug|Any CPU.Build.0 = Debug|Any CPU
		{1AF373A9-BDF2-13BA-A54C-0B0945C858F1}.Release|Any CPU.ActiveCfg = Debug|Any CPU
		{1AF373A9-BDF2-13BA-A54C-0B0945C858F1}.Release|Any CPU.Build.0 = Debug|Any CPU
		{47497971-B977-105A-63FE-6F4231420764}.Debug|Any CPU.ActiveCfg = Debug|Any CPU
		{47497971-B977-105A-63FE-6F4231420764}.Debug|Any CPU.Build.0 = Debug|Any CPU
		{47497971-B977-105A-63FE-6F4231420764}.Release|Any CPU.ActiveCfg = Debug|Any CPU
		{47497971-B977-105A-63FE-6F4231420764}.Release|Any CPU.Build.0 = Debug|Any CPU
		{753ED471-E74C-578A-0447-3F56B6916435}.Debug|Any CPU.ActiveCfg = Debug|Any CPU
		{753ED471-E74C-578A-0447-3F56B6916435}.Debug|Any CPU.Build.0 = Debug|Any CPU
		{753ED471-E74C-578A-0447-3F56B6916435}.Release|Any CPU.ActiveCfg = Debug|Any CPU
		{753ED471-E74C-578A-0447-3F56B6916435}.Release|Any CPU.Build.0 = Debug|Any CPU
		{9D04F17B-BF2E-7BD7-9146-1CB50DD699C3}.Debug|Any CPU.ActiveCfg = Debug|Any CPU
		{9D04F17B-BF2E-7BD7-9146-1CB50DD699C3}.Debug|Any CPU.Build.0 = Debug|Any CPU
		{9D04F17B-BF2E-7BD7-9146-1CB50DD699C3}.Release|Any CPU.ActiveCfg = Debug|Any CPU
		{9D04F17B-BF2E-7BD7-9146-1CB50DD699C3}.Release|Any CPU.Build.0 = Debug|Any CPU
		{81271ED8-3DB1-2CE6-6263-0CE345AF51E6}.Debug|Any CPU.ActiveCfg = Debug|Any CPU
		{81271ED8-3DB1-2CE6-6263-0CE345AF51E6}.Debug|Any CPU.Build.0 = Debug|Any CPU
		{81271ED8-3DB1-2CE6-6263-0CE345AF51E6}.Release|Any CPU.ActiveCfg = Debug|Any CPU
		{81271ED8-3DB1-2CE6-6263-0CE345AF51E6}.Release|Any CPU.Build.0 = Debug|Any CPU
		{C62D101A-CB3E-E56F-8F51-D142898CE1A7}.Debug|Any CPU.ActiveCfg = Debug|Any CPU
		{C62D101A-CB3E-E56F-8F51-D142898CE1A7}.Debug|Any CPU.Build.0 = Debug|Any CPU
		{C62D101A-CB3E-E56F-8F51-D142898CE1A7}.Release|Any CPU.ActiveCfg = Debug|Any CPU
		{C62D101A-CB3E-E56F-8F51-D142898CE1A7}.Release|Any CPU.Build.0 = Debug|Any CPU
		{674F16B7-FC93-161B-ED56-275F3F404AF9}.Debug|Any CPU.ActiveCfg = Debug|Any CPU
		{674F16B7-FC93-161B-ED56-275F3F404AF9}.Debug|Any CPU.Build.0 = Debug|Any CPU
		{674F16B7-FC93-161B-ED56-275F3F404AF9}.Release|Any CPU.ActiveCfg = Debug|Any CPU
		{674F16B7-FC93-161B-ED56-275F3F404AF9}.Release|Any CPU.Build.0 = Debug|Any CPU
		{F194CEEF-B25C-F495-A8EA-F4E8E67D0492}.Debug|Any CPU.ActiveCfg = Debug|Any CPU
		{F194CEEF-B25C-F495-A8EA-F4E8E67D0492}.Debug|Any CPU.Build.0 = Debug|Any CPU
		{F194CEEF-B25C-F495-A8EA-F4E8E67D0492}.Release|Any CPU.ActiveCfg = Debug|Any CPU
		{F194CEEF-B25C-F495-A8EA-F4E8E67D0492}.Release|Any CPU.Build.0 = Debug|Any CPU
	EndGlobalSection
	GlobalSection(NestedProjects) = preSolution
		{561EE67C-826A-47BC-94AF-FD97DFA7E3FA} = {7CB55D45-B7D8-4507-8EEA-EAACEBD44BF4}
		{C763104E-A5BC-48DB-834A-0D94F1414021} = {7CB55D45-B7D8-4507-8EEA-EAACEBD44BF4}
		{5DE7BF6A-3F1C-4BC4-A3F5-0FD69F178088} = {7CB55D45-B7D8-4507-8EEA-EAACEBD44BF4}
		{6761C0F4-48A2-4839-8281-9D0BA2535F11} = {7CB55D45-B7D8-4507-8EEA-EAACEBD44BF4}
		{3F96A9F4-E5A2-40E8-B1F0-2718FB9F7CC7} = {7CB55D45-B7D8-4507-8EEA-EAACEBD44BF4}
		{811E4A20-6A20-416A-82B2-EECDF3959D74} = {7CB55D45-B7D8-4507-8EEA-EAACEBD44BF4}
		{E84B9F89-17A4-4B1C-90DE-719976504595} = {7CB55D45-B7D8-4507-8EEA-EAACEBD44BF4}
		{844B1EFE-E89F-4ED1-8629-6A0770B2572F} = {7CB55D45-B7D8-4507-8EEA-EAACEBD44BF4}
		{1AF373A9-BDF2-13BA-A54C-0B0945C858F1} = {3467BC2D-1133-47A5-8F7C-0EC4424BBD3E}
		{47497971-B977-105A-63FE-6F4231420764} = {3467BC2D-1133-47A5-8F7C-0EC4424BBD3E}
		{753ED471-E74C-578A-0447-3F56B6916435} = {3467BC2D-1133-47A5-8F7C-0EC4424BBD3E}
		{9D04F17B-BF2E-7BD7-9146-1CB50DD699C3} = {3467BC2D-1133-47A5-8F7C-0EC4424BBD3E}
		{81271ED8-3DB1-2CE6-6263-0CE345AF51E6} = {3467BC2D-1133-47A5-8F7C-0EC4424BBD3E}
		{C62D101A-CB3E-E56F-8F51-D142898CE1A7} = {3467BC2D-1133-47A5-8F7C-0EC4424BBD3E}
		{674F16B7-FC93-161B-ED56-275F3F404AF9} = {3467BC2D-1133-47A5-8F7C-0EC4424BBD3E}
		{F194CEEF-B25C-F495-A8EA-F4E8E67D0492} = {3467BC2D-1133-47A5-8F7C-0EC4424BBD3E}
	EndGlobalSection
EndGlobal
