Microsoft Visual Studio Solution File, Format Version 12.00
# Visual Studio 2012
Project("{FAE04EC0-301F-11D3-BF4B-00C04F79EFBC}") = "LisTest", "LisTest.csproj", "{2F70F13B-36E3-4801-BFA4-1AF1FFDAB3FD}"
EndProject
Global
	GlobalSection(SolutionConfigurationPlatforms) = preSolution
	Debug|Any CPU = Debug|Any CPU
	ExportDebug|Any CPU = ExportDebug|Any CPU
	ExportRelease|Any CPU = ExportRelease|Any CPU
	EndGlobalSection
	GlobalSection(ProjectConfigurationPlatforms) = postSolution
		{2F70F13B-36E3-4801-BFA4-1AF1FFDAB3FD}.Debug|Any CPU.ActiveCfg = Debug|Any CPU
		{2F70F13B-36E3-4801-BFA4-1AF1FFDAB3FD}.Debug|Any CPU.Build.0 = Debug|Any CPU
		{2F70F13B-36E3-4801-BFA4-1AF1FFDAB3FD}.ExportDebug|Any CPU.ActiveCfg = ExportDebug|Any CPU
		{2F70F13B-36E3-4801-BFA4-1AF1FFDAB3FD}.ExportDebug|Any CPU.Build.0 = ExportDebug|Any CPU
		{2F70F13B-36E3-4801-BFA4-1AF1FFDAB3FD}.ExportRelease|Any CPU.ActiveCfg = ExportRelease|Any CPU
		{2F70F13B-36E3-4801-BFA4-1AF1FFDAB3FD}.ExportRelease|Any CPU.Build.0 = ExportRelease|Any CPU
	EndGlobalSection
EndGlobal
